// !$*UTF8*$!
{
	archiveVersion = 1;
	classes = {
	};
	objectVersion = 56;
	objects = {

/* Begin PBXBuildFile section */
		100000000000000000000C0 /* main.swift in Sources */ = {isa = PBXBuildFile; fileRef = 100000000000000000000B0 /* main.swift */; };
		100000000000000000000C1 /* AppDelegate.swift in Sources */ = {isa = PBXBuildFile; fileRef = 100000000000000000000B1 /* AppDelegate.swift */; };
		100000000000000000000C2 /* Assets.xcassets in Resources */ = {isa = PBXBuildFile; fileRef = 100000000000000000000B4 /* Assets.xcassets */; };
		100000000000000000000C3 /* game.html in Resources */ = {isa = PBXBuildFile; fileRef = 100000000000000000000B5 /* game.html */; };
/* End PBXBuildFile section */

/* Begin PBXFileReference section */
		100000000000000000000A6 /* 嘟嘟找别字.app */ = {isa = PBXFileReference; explicitFileType = wrapper.application; includeInIndex = 0; path = "嘟嘟找别字.app"; sourceTree = BUILT_PRODUCTS_DIR; };
		100000000000000000000B0 /* main.swift */ = {isa = PBXFileReference; lastKnownFileType = sourcecode.swift; path = main.swift; sourceTree = "<group>"; };
		100000000000000000000B1 /* AppDelegate.swift */ = {isa = PBXFileReference; lastKnownFileType = sourcecode.swift; path = AppDelegate.swift; sourceTree = "<group>"; };
		100000000000000000000B2 /* Info.plist */ = {isa = PBXFileReference; lastKnownFileType = text.plist.xml; path = Info.plist; sourceTree = "<group>"; };
		100000000000000000000B3 /* DuDuHanzi.entitlements */ = {isa = PBXFileReference; lastKnownFileType = text.plist.entitlements; path = DuDuHanzi.entitlements; sourceTree = "<group>"; };
		100000000000000000000B4 /* Assets.xcassets */ = {isa = PBXFileReference; lastKnownFileType = folder.assetcatalog; path = Assets.xcassets; sourceTree = "<group>"; };
		100000000000000000000B5 /* game.html */ = {isa = PBXFileReference; lastKnownFileType = text.html; path = game.html; sourceTree = "<group>"; };
/* End PBXFileReference section */

/* Begin PBXFrameworksBuildPhase section */
		100000000000000000000AF /* Frameworks */ = {
			isa = PBXFrameworksBuildPhase;
			buildActionMask = 2147483647;
			files = (
			);
			runOnlyForDeploymentPostprocessing = 0;
		};
/* End PBXFrameworksBuildPhase section */

/* Begin PBXGroup section */
		100000000000000000000A2 = {
			isa = PBXGroup;
			children = (
				100000000000000000000A4 /* DuDuHanzi */,
				100000000000000000000A3 /* Products */,
			);
			sourceTree = "<group>";
		};
		100000000000000000000A3 /* Products */ = {
			isa = PBXGroup;
			children = (
				100000000000000000000A6 /* 嘟嘟找别字.app */,
			);
			name = Products;
			sourceTree = "<group>";
		};
		100000000000000000000A4 /* DuDuHanzi */ = {
			isa = PBXGroup;
			children = (
				100000000000000000000B0 /* main.swift */,
				100000000000000000000B1 /* AppDelegate.swift */,
				100000000000000000000B5 /* game.html */,
				100000000000000000000B4 /* Assets.xcassets */,
				100000000000000000000B2 /* Info.plist */,
				100000000000000000000B3 /* DuDuHanzi.entitlements */,
			);
			path = DuDuHanzi;
			sourceTree = "<group>";
		};
/* End PBXGroup section */

/* Begin PBXNativeTarget section */
		100000000000000000000A5 /* DuDuHanzi */ = {
			isa = PBXNativeTarget;
			buildConfigurationList = 100000000000000000000A8 /* Build configuration list for PBXNativeTarget "DuDuHanzi" */;
			buildPhases = (
				100000000000000000000AD /* Sources */,
				100000000000000000000AF /* Frameworks */,
				100000000000000000000AE /* Resources */,
			);
			buildRules = (
			);
			dependencies = (
			);
			name = DuDuHanzi;
			productName = DuDuHanzi;
			productReference = 100000000000000000000A6 /* 嘟嘟找别字.app */;
			productType = "com.apple.product-type.application";
		};
/* End PBXNativeTarget section */

/* Begin PBXProject section */
		100000000000000000000A1 /* Project object */ = {
			isa = PBXProject;
			attributes = {
				BuildIndependentTargetsInParallel = 1;
				LastSwiftUpdateCheck = 1500;
				LastUpgradeCheck = 1500;
				TargetAttributes = {
					100000000000000000000A5 = {
						CreatedOnToolsVersion = 15.0;
					};
				};
			};
			buildConfigurationList = 100000000000000000000A7 /* Build configuration list for PBXProject "DuDuHanzi" */;
			compatibilityVersion = "Xcode 14.0";
			developmentRegion = en;
			hasScannedForEncodings = 0;
			knownRegions = (
				en,
				Base,
				"zh-Hans",
			);
			mainGroup = 100000000000000000000A2;
			productRefGroup = 100000000000000000000A3 /* Products */;
			projectDirPath = "";
			projectRoot = "";
			targets = (
				100000000000000000000A5 /* DuDuHanzi */,
			);
		};
/* End PBXProject section */

/* Begin PBXResourcesBuildPhase section */
		100000000000000000000AE /* Resources */ = {
			isa = PBXResourcesBuildPhase;
			buildActionMask = 2147483647;
			files = (
				100000000000000000000C2 /* Assets.xcassets in Resources */,
				100000000000000000000C3 /* game.html in Resources */,
			);
			runOnlyForDeploymentPostprocessing = 0;
		};
/* End PBXResourcesBuildPhase section */

/* Begin PBXSourcesBuildPhase section */
		100000000000000000000AD /* Sources */ = {
			isa = PBXSourcesBuildPhase;
			buildActionMask = 2147483647;
			files = (
				100000000000000000000C1 /* AppDelegate.swift in Sources */,
				100000000000000000000C0 /* main.swift in Sources */,
			);
			runOnlyForDeploymentPostprocessing = 0;
		};
/* End PBXSourcesBuildPhase section */

/* Begin XCBuildConfiguration section */
		100000000000000000000A9 /* Debug */ = {
			isa = XCBuildConfiguration;
			buildSettings = {
				ALWAYS_SEARCH_USER_PATHS = NO;
				CLANG_ENABLE_OBJC_ARC = YES;
				COPY_PHASE_STRIP = NO;
				DEBUG_INFORMATION_FORMAT = dwarf;
				ENABLE_STRICT_OBJC_MSGSEND = YES;
				ENABLE_TESTABILITY = YES;
				GCC_OPTIMIZATION_LEVEL = 0;
				MACOSX_DEPLOYMENT_TARGET = 11.0;
				ONLY_ACTIVE_ARCH = YES;
				SDKROOT = macosx;
				SWIFT_ACTIVE_COMPILATION_CONDITIONS = DEBUG;
				SWIFT_OPTIMIZATION_LEVEL = "-Onone";
			};
			name = Debug;
		};
		100000000000000000000AA /* Release */ = {
			isa = XCBuildConfiguration;
			buildSettings = {
				ALWAYS_SEARCH_USER_PATHS = NO;
				CLANG_ENABLE_OBJC_ARC = YES;
				COPY_PHASE_STRIP = NO;
				DEBUG_INFORMATION_FORMAT = "dwarf-with-dsym";
				ENABLE_NS_ASSERTIONS = NO;
				ENABLE_STRICT_OBJC_MSGSEND = YES;
				MACOSX_DEPLOYMENT_TARGET = 11.0;
				SDKROOT = macosx;
				SWIFT_COMPILATION_MODE = wholemodule;
				SWIFT_OPTIMIZATION_LEVEL = "-O";
			};
			name = Release;
		};
		100000000000000000000AB /* Debug */ = {
			isa = XCBuildConfiguration;
			buildSettings = {
				ASSETCATALOG_COMPILER_APPICON_NAME = AppIcon;
				CODE_SIGN_ENTITLEMENTS = DuDuHanzi/DuDuHanzi.entitlements;
				CODE_SIGN_STYLE = Automatic;
				CURRENT_PROJECT_VERSION = 1;
				ENABLE_HARDENED_RUNTIME = YES;
				GENERATE_INFOPLIST_FILE = NO;
				INFOPLIST_FILE = DuDuHanzi/Info.plist;
				LD_RUNPATH_SEARCH_PATHS = (
					"$(inherited)",
					"@executable_path/../Frameworks",
				);
				MARKETING_VERSION = 1.0;
				PRODUCT_BUNDLE_IDENTIFIER = com.doesiot.duduhanzi;
				PRODUCT_NAME = DuDuHanzi;
				SWIFT_EMIT_LOC_STRINGS = YES;
				SWIFT_VERSION = 5.0;
			};
			name = Debug;
		};
		100000000000000000000AC /* Release */ = {
			isa = XCBuildConfiguration;
			buildSettings = {
				ASSETCATALOG_COMPILER_APPICON_NAME = AppIcon;
				CODE_SIGN_ENTITLEMENTS = DuDuHanzi/DuDuHanzi.entitlements;
				CODE_SIGN_STYLE = Automatic;
				CURRENT_PROJECT_VERSION = 1;
				ENABLE_HARDENED_RUNTIME = YES;
				GENERATE_INFOPLIST_FILE = NO;
				INFOPLIST_FILE = DuDuHanzi/Info.plist;
				LD_RUNPATH_SEARCH_PATHS = (
					"$(inherited)",
					"@executable_path/../Frameworks",
				);
				MARKETING_VERSION = 1.0;
				PRODUCT_BUNDLE_IDENTIFIER = com.doesiot.duduhanzi;
				PRODUCT_NAME = DuDuHanzi;
				SWIFT_EMIT_LOC_STRINGS = YES;
				SWIFT_VERSION = 5.0;
			};
			name = Release;
		};
/* End XCBuildConfiguration section */

/* Begin XCConfigurationList section */
		100000000000000000000A7 /* Build configuration list for PBXProject "DuDuHanzi" */ = {
			isa = XCConfigurationList;
			buildConfigurations = (
				100000000000000000000A9 /* Debug */,
				100000000000000000000AA /* Release */,
			);
			defaultConfigurationIsVisible = 0;
			defaultConfigurationName = Release;
		};
		100000000000000000000A8 /* Build configuration list for PBXNativeTarget "DuDuHanzi" */ = {
			isa = XCConfigurationList;
			buildConfigurations = (
				100000000000000000000AB /* Debug */,
				100000000000000000000AC /* Release */,
			);
			defaultConfigurationIsVisible = 0;
			defaultConfigurationName = Release;
		};
/* End XCConfigurationList section */
	};
	rootObject = 100000000000000000000A1 /* Project object */;
}
